// !$*UTF8*$!
{
	archiveVersion = 1;
	classes = {
	};
	objectVersion = 50;
	objects = {

/* Begin PBXBuildFile section */
		41A7EED126134F61000F4D29 /* TitleView.swift in Sources */ = {isa = PBXBuildFile; fileRef = 41A7EED026134F60000F4D29 /* TitleView.swift */; };
		41A7EED426135105000F4D29 /* ProductModel.swift in Sources */ = {isa = PBXBuildFile; fileRef = 41A7EED326135105000F4D29 /* ProductModel.swift */; };
		41A7EED726135219000F4D29 /* ProductItemView.swift in Sources */ = {isa = PBXBuildFile; fileRef = 41A7EED626135219000F4D29 /* ProductItemView.swift */; };
		41A7EEDB2613A53F000F4D29 /* BrandModel.swift in Sources */ = {isa = PBXBuildFile; fileRef = 41A7EEDA2613A53E000F4D29 /* BrandModel.swift */; };
		41A7EEDE2614C441000F4D29 /* BrandItemView.swift in Sources */ = {isa = PBXBuildFile; fileRef = 41A7EEDD2614C441000F4D29 /* BrandItemView.swift */; };
		41A7EEE22614C60A000F4D29 /* BrandGridView.swift in Sources */ = {isa = PBXBuildFile; fileRef = 41A7EEE12614C60A000F4D29 /* BrandGridView.swift */; };
		41AFEF0C2608C8E100F71DF6 /* TouchdownApp.swift in Sources */ = {isa = PBXBuildFile; fileRef = 41AFEF0B2608C8E100F71DF6 /* TouchdownApp.swift */; };
		41AFEF0E2608C8E100F71DF6 /* ContentView.swift in Sources */ = {isa = PBXBuildFile; fileRef = 41AFEF0D2608C8E100F71DF6 /* ContentView.swift */; };
		41AFEF102608C8E600F71DF6 /* Assets.xcassets in Resources */ = {isa = PBXBuildFile; fileRef = 41AFEF0F2608C8E600F71DF6 /* Assets.xcassets */; };
		41AFEF132608C8E600F71DF6 /* Preview Assets.xcassets in Resources */ = {isa = PBXBuildFile; fileRef = 41AFEF122608C8E600F71DF6 /* Preview Assets.xcassets */; };
		41AFEF1F2608CB0900F71DF6 /* brand.json in Resources */ = {isa = PBXBuildFile; fileRef = 41AFEF1B2608CB0800F71DF6 /* brand.json */; };
		41AFEF202608CB0900F71DF6 /* category.json in Resources */ = {isa = PBXBuildFile; fileRef = 41AFEF1C2608CB0800F71DF6 /* category.json */; };
		41AFEF212608CB0900F71DF6 /* player.json in Resources */ = {isa = PBXBuildFile; fileRef = 41AFEF1D2608CB0800F71DF6 /* player.json */; };
		41AFEF222608CB0900F71DF6 /* product.json in Resources */ = {isa = PBXBuildFile; fileRef = 41AFEF1E2608CB0800F71DF6 /* product.json */; };
		41AFEF2F2608D8CB00F71DF6 /* Constant.swift in Sources */ = {isa = PBXBuildFile; fileRef = 41AFEF2E2608D8CB00F71DF6 /* Constant.swift */; };
		41AFEF322608D9F100F71DF6 /* FooterView.swift in Sources */ = {isa = PBXBuildFile; fileRef = 41AFEF312608D9F100F71DF6 /* FooterView.swift */; };
		41AFEF352608E9B600F71DF6 /* NavigationBarView.swift in Sources */ = {isa = PBXBuildFile; fileRef = 41AFEF342608E9B600F71DF6 /* NavigationBarView.swift */; };
		41AFEF3A2608EC8C00F71DF6 /* LogoView.swift in Sources */ = {isa = PBXBuildFile; fileRef = 41AFEF392608EC8C00F71DF6 /* LogoView.swift */; };
		41AFEF3E2609176D00F71DF6 /* PlayerModel.swift in Sources */ = {isa = PBXBuildFile; fileRef = 41AFEF3D2609176D00F71DF6 /* PlayerModel.swift */; };
		41AFEF41260917D800F71DF6 /* CodableBundleExtension.swift in Sources */ = {isa = PBXBuildFile; fileRef = 41AFEF40260917D700F71DF6 /* CodableBundleExtension.swift */; };
		41AFEF4426091AD800F71DF6 /* FeaturedItemView.swift in Sources */ = {isa = PBXBuildFile; fileRef = 41AFEF4326091AD800F71DF6 /* FeaturedItemView.swift */; };
		41AFEF4726091BD800F71DF6 /* FeaturedTabView.swift in Sources */ = {isa = PBXBuildFile; fileRef = 41AFEF4626091BD800F71DF6 /* FeaturedTabView.swift */; };
		41AFEF4A260926F700F71DF6 /* CategoryModel.swift in Sources */ = {isa = PBXBuildFile; fileRef = 41AFEF49260926F700F71DF6 /* CategoryModel.swift */; };
		41AFEF4D2609293800F71DF6 /* CategoryItemView.swift in Sources */ = {isa = PBXBuildFile; fileRef = 41AFEF4C2609293800F71DF6 /* CategoryItemView.swift */; };
		41AFEF512609329100F71DF6 /* CategoryGridView.swift in Sources */ = {isa = PBXBuildFile; fileRef = 41AFEF502609329100F71DF6 /* CategoryGridView.swift */; };
		41AFEF54260934D700F71DF6 /* SectionView.swift in Sources */ = {isa = PBXBuildFile; fileRef = 41AFEF53260934D700F71DF6 /* SectionView.swift */; };
/* End PBXBuildFile section */

/* Begin PBXFileReference section */
		41A7EED026134F60000F4D29 /* TitleView.swift */ = {isa = PBXFileReference; lastKnownFileType = sourcecode.swift; path = TitleView.swift; sourceTree = "<group>"; };
		41A7EED326135105000F4D29 /* ProductModel.swift */ = {isa = PBXFileReference; lastKnownFileType = sourcecode.swift; path = ProductModel.swift; sourceTree = "<group>"; };
		41A7EED626135219000F4D29 /* ProductItemView.swift */ = {isa = PBXFileReference; lastKnownFileType = sourcecode.swift; path = ProductItemView.swift; sourceTree = "<group>"; };
		41A7EEDA2613A53E000F4D29 /* BrandModel.swift */ = {isa = PBXFileReference; lastKnownFileType = sourcecode.swift; path = BrandModel.swift; sourceTree = "<group>"; };
		41A7EEDD2614C441000F4D29 /* BrandItemView.swift */ = {isa = PBXFileReference; lastKnownFileType = sourcecode.swift; path = BrandItemView.swift; sourceTree = "<group>"; };
		41A7EEE12614C60A000F4D29 /* BrandGridView.swift */ = {isa = PBXFileReference; lastKnownFileType = sourcecode.swift; path = BrandGridView.swift; sourceTree = "<group>"; };
		41AFEF082608C8E100F71DF6 /* Touchdown.app */ = {isa = PBXFileReference; explicitFileType = wrapper.application; includeInIndex = 0; path = Touchdown.app; sourceTree = BUILT_PRODUCTS_DIR; };
		41AFEF0B2608C8E100F71DF6 /* TouchdownApp.swift */ = {isa = PBXFileReference; lastKnownFileType = sourcecode.swift; path = TouchdownApp.swift; sourceTree = "<group>"; };
		41AFEF0D2608C8E100F71DF6 /* ContentView.swift */ = {isa = PBXFileReference; lastKnownFileType = sourcecode.swift; path = ContentView.swift; sourceTree = "<group>"; };
		41AFEF0F2608C8E600F71DF6 /* Assets.xcassets */ = {isa = PBXFileReference; lastKnownFileType = folder.assetcatalog; path = Assets.xcassets; sourceTree = "<group>"; };
		41AFEF122608C8E600F71DF6 /* Preview Assets.xcassets */ = {isa = PBXFileReference; lastKnownFileType = folder.assetcatalog; path = "Preview Assets.xcassets"; sourceTree = "<group>"; };
		41AFEF142608C8E600F71DF6 /* Info.plist */ = {isa = PBXFileReference; lastKnownFileType = text.plist.xml; path = Info.plist; sourceTree = "<group>"; };
		41AFEF1B2608CB0800F71DF6 /* brand.json */ = {isa = PBXFileReference; fileEncoding = 4; lastKnownFileType = text.json; path = brand.json; sourceTree = "<group>"; };
		41AFEF1C2608CB0800F71DF6 /* category.json */ = {isa = PBXFileReference; fileEncoding = 4; lastKnownFileType = text.json; path = category.json; sourceTree = "<group>"; };
		41AFEF1D2608CB0800F71DF6 /* player.json */ = {isa = PBXFileReference; fileEncoding = 4; lastKnownFileType = text.json; path = player.json; sourceTree = "<group>"; };
		41AFEF1E2608CB0800F71DF6 /* product.json */ = {isa = PBXFileReference; fileEncoding = 4; lastKnownFileType = text.json; path = product.json; sourceTree = "<group>"; };
		41AFEF2E2608D8CB00F71DF6 /* Constant.swift */ = {isa = PBXFileReference; lastKnownFileType = sourcecode.swift; path = Constant.swift; sourceTree = "<group>"; };
		41AFEF312608D9F100F71DF6 /* FooterView.swift */ = {isa = PBXFileReference; lastKnownFileType = sourcecode.swift; path = FooterView.swift; sourceTree = "<group>"; };
		41AFEF342608E9B600F71DF6 /* NavigationBarView.swift */ = {isa = PBXFileReference; lastKnownFileType = sourcecode.swift; path = NavigationBarView.swift; sourceTree = "<group>"; };
		41AFEF392608EC8C00F71DF6 /* LogoView.swift */ = {isa = PBXFileReference; lastKnownFileType = sourcecode.swift; path = LogoView.swift; sourceTree = "<group>"; };
		41AFEF3D2609176D00F71DF6 /* PlayerModel.swift */ = {isa = PBXFileReference; lastKnownFileType = sourcecode.swift; path = PlayerModel.swift; sourceTree = "<group>"; };
		41AFEF40260917D700F71DF6 /* CodableBundleExtension.swift */ = {isa = PBXFileReference; lastKnownFileType = sourcecode.swift; path = CodableBundleExtension.swift; sourceTree = "<group>"; };
		41AFEF4326091AD800F71DF6 /* FeaturedItemView.swift */ = {isa = PBXFileReference; lastKnownFileType = sourcecode.swift; path = FeaturedItemView.swift; sourceTree = "<group>"; };
		41AFEF4626091BD800F71DF6 /* FeaturedTabView.swift */ = {isa = PBXFileReference; lastKnownFileType = sourcecode.swift; path = FeaturedTabView.swift; sourceTree = "<group>"; };
		41AFEF49260926F700F71DF6 /* CategoryModel.swift */ = {isa = PBXFileReference; lastKnownFileType = sourcecode.swift; path = CategoryModel.swift; sourceTree = "<group>"; };
		41AFEF4C2609293800F71DF6 /* CategoryItemView.swift */ = {isa = PBXFileReference; lastKnownFileType = sourcecode.swift; path = CategoryItemView.swift; sourceTree = "<group>"; };
		41AFEF502609329100F71DF6 /* CategoryGridView.swift */ = {isa = PBXFileReference; lastKnownFileType = sourcecode.swift; path = CategoryGridView.swift; sourceTree = "<group>"; };
		41AFEF53260934D700F71DF6 /* SectionView.swift */ = {isa = PBXFileReference; lastKnownFileType = sourcecode.swift; path = SectionView.swift; sourceTree = "<group>"; };
/* End PBXFileReference section */

/* Begin PBXFrameworksBuildPhase section */
		41AFEF052608C8E100F71DF6 /* Frameworks */ = {
			isa = PBXFrameworksBuildPhase;
			buildActionMask = 2147483647;
			files = (
			);
			runOnlyForDeploymentPostprocessing = 0;
		};
/* End PBXFrameworksBuildPhase section */

/* Begin PBXGroup section */
		41AFEEFF2608C8E100F71DF6 = {
			isa = PBXGroup;
			children = (
				41AFEF0A2608C8E100F71DF6 /* Touchdown */,
				41AFEF092608C8E100F71DF6 /* Products */,
			);
			sourceTree = "<group>";
		};
		41AFEF092608C8E100F71DF6 /* Products */ = {
			isa = PBXGroup;
			children = (
				41AFEF082608C8E100F71DF6 /* Touchdown.app */,
			);
			name = Products;
			sourceTree = "<group>";
		};
		41AFEF0A2608C8E100F71DF6 /* Touchdown */ = {
			isa = PBXGroup;
			children = (
				41AFEF262608D08900F71DF6 /* App */,
				41AFEF242608CB2800F71DF6 /* Data */,
				41AFEF2C2608D0CF00F71DF6 /* Extension */,
				41AFEF2B2608D0CA00F71DF6 /* Model */,
				41AFEF2D2608D0EA00F71DF6 /* Utlility */,
				41AFEF282608D09500F71DF6 /* View */,
				41AFEF0F2608C8E600F71DF6 /* Assets.xcassets */,
				41AFEF142608C8E600F71DF6 /* Info.plist */,
				41AFEF112608C8E600F71DF6 /* Preview Content */,
			);
			path = Touchdown;
			sourceTree = "<group>";
		};
		41AFEF112608C8E600F71DF6 /* Preview Content */ = {
			isa = PBXGroup;
			children = (
				41AFEF122608C8E600F71DF6 /* Preview Assets.xcassets */,
			);
			path = "Preview Content";
			sourceTree = "<group>";
		};
		41AFEF242608CB2800F71DF6 /* Data */ = {
			isa = PBXGroup;
			children = (
				41AFEF1B2608CB0800F71DF6 /* brand.json */,
				41AFEF1C2608CB0800F71DF6 /* category.json */,
				41AFEF1D2608CB0800F71DF6 /* player.json */,
				41AFEF1E2608CB0800F71DF6 /* product.json */,
			);
			path = Data;
			sourceTree = "<group>";
		};
		41AFEF262608D08900F71DF6 /* App */ = {
			isa = PBXGroup;
			children = (
				41AFEF0B2608C8E100F71DF6 /* TouchdownApp.swift */,
				41AFEF0D2608C8E100F71DF6 /* ContentView.swift */,
			);
			path = App;
			sourceTree = "<group>";
		};
		41AFEF282608D09500F71DF6 /* View */ = {
			isa = PBXGroup;
			children = (
				41AFEF2A2608D0AB00F71DF6 /* Detail */,
				41AFEF292608D0A500F71DF6 /* Home */,
			);
			path = View;
			sourceTree = "<group>";
		};
		41AFEF292608D0A500F71DF6 /* Home */ = {
			isa = PBXGroup;
			children = (
				41AFEF312608D9F100F71DF6 /* FooterView.swift */,
				41AFEF342608E9B600F71DF6 /* NavigationBarView.swift */,
				41AFEF392608EC8C00F71DF6 /* LogoView.swift */,
				41AFEF4326091AD800F71DF6 /* FeaturedItemView.swift */,
				41AFEF4626091BD800F71DF6 /* FeaturedTabView.swift */,
				41AFEF4C2609293800F71DF6 /* CategoryItemView.swift */,
				41AFEF502609329100F71DF6 /* CategoryGridView.swift */,
				41AFEF53260934D700F71DF6 /* SectionView.swift */,
				41A7EED026134F60000F4D29 /* TitleView.swift */,
				41A7EED626135219000F4D29 /* ProductItemView.swift */,
				41A7EEDD2614C441000F4D29 /* BrandItemView.swift */,
				41A7EEE12614C60A000F4D29 /* BrandGridView.swift */,
			);
			path = Home;
			sourceTree = "<group>";
		};
		41AFEF2A2608D0AB00F71DF6 /* Detail */ = {
			isa = PBXGroup;
			children = (
			);
			path = Detail;
			sourceTree = "<group>";
		};
		41AFEF2B2608D0CA00F71DF6 /* Model */ = {
			isa = PBXGroup;
			children = (
				41AFEF3D2609176D00F71DF6 /* PlayerModel.swift */,
				41AFEF49260926F700F71DF6 /* CategoryModel.swift */,
				41A7EED326135105000F4D29 /* ProductModel.swift */,
				41A7EEDA2613A53E000F4D29 /* BrandModel.swift */,
			);
			path = Model;
			sourceTree = "<group>";
		};
		41AFEF2C2608D0CF00F71DF6 /* Extension */ = {
			isa = PBXGroup;
			children = (
				41AFEF40260917D700F71DF6 /* CodableBundleExtension.swift */,
			);
			path = Extension;
			sourceTree = "<group>";
		};
		41AFEF2D2608D0EA00F71DF6 /* Utlility */ = {
			isa = PBXGroup;
			children = (
				41AFEF2E2608D8CB00F71DF6 /* Constant.swift */,
			);
			path = Utlility;
			sourceTree = "<group>";
		};
/* End PBXGroup section */

/* Begin PBXNativeTarget section */
		41AFEF072608C8E100F71DF6 /* Touchdown */ = {
			isa = PBXNativeTarget;
			buildConfigurationList = 41AFEF172608C8E600F71DF6 /* Build configuration list for PBXNativeTarget "Touchdown" */;
			buildPhases = (
				41AFEF042608C8E100F71DF6 /* Sources */,
				41AFEF052608C8E100F71DF6 /* Frameworks */,
				41AFEF062608C8E100F71DF6 /* Resources */,
			);
			buildRules = (
			);
			dependencies = (
			);
			name = Touchdown;
			productName = Touchdown;
			productReference = 41AFEF082608C8E100F71DF6 /* Touchdown.app */;
			productType = "com.apple.product-type.application";
		};
/* End PBXNativeTarget section */

/* Begin PBXProject section */
		41AFEF002608C8E100F71DF6 /* Project object */ = {
			isa = PBXProject;
			attributes = {
				LastSwiftUpdateCheck = 1240;
				LastUpgradeCheck = 1240;
				TargetAttributes = {
					41AFEF072608C8E100F71DF6 = {
						CreatedOnToolsVersion = 12.4;
					};
				};
			};
			buildConfigurationList = 41AFEF032608C8E100F71DF6 /* Build configuration list for PBXProject "Touchdown" */;
			compatibilityVersion = "Xcode 9.3";
			developmentRegion = en;
			hasScannedForEncodings = 0;
			knownRegions = (
				en,
				Base,
			);
			mainGroup = 41AFEEFF2608C8E100F71DF6;
			productRefGroup = 41AFEF092608C8E100F71DF6 /* Products */;
			projectDirPath = "";
			projectRoot = "";
			targets = (
				41AFEF072608C8E100F71DF6 /* Touchdown */,
			);
		};
/* End PBXProject section */

/* Begin PBXResourcesBuildPhase section */
		41AFEF062608C8E100F71DF6 /* Resources */ = {
			isa = PBXResourcesBuildPhase;
			buildActionMask = 2147483647;
			files = (
				41AFEF212608CB0900F71DF6 /* player.json in Resources */,
				41AFEF132608C8E600F71DF6 /* Preview Assets.xcassets in Resources */,
				41AFEF102608C8E600F71DF6 /* Assets.xcassets in Resources */,
				41AFEF1F2608CB0900F71DF6 /* brand.json in Resources */,
				41AFEF202608CB0900F71DF6 /* category.json in Resources */,
				41AFEF222608CB0900F71DF6 /* product.json in Resources */,
			);
			runOnlyForDeploymentPostprocessing = 0;
		};
/* End PBXResourcesBuildPhase section */

/* Begin PBXSourcesBuildPhase section */
		41AFEF042608C8E100F71DF6 /* Sources */ = {
			isa = PBXSourcesBuildPhase;
			buildActionMask = 2147483647;
			files = (
				41AFEF41260917D800F71DF6 /* CodableBundleExtension.swift in Sources */,
				41AFEF0E2608C8E100F71DF6 /* ContentView.swift in Sources */,
				41AFEF3A2608EC8C00F71DF6 /* LogoView.swift in Sources */,
				41AFEF322608D9F100F71DF6 /* FooterView.swift in Sources */,
				41AFEF4426091AD800F71DF6 /* FeaturedItemView.swift in Sources */,
				41A7EED726135219000F4D29 /* ProductItemView.swift in Sources */,
				41A7EEE22614C60A000F4D29 /* BrandGridView.swift in Sources */,
				41AFEF0C2608C8E100F71DF6 /* TouchdownApp.swift in Sources */,
				41AFEF2F2608D8CB00F71DF6 /* Constant.swift in Sources */,
				41AFEF512609329100F71DF6 /* CategoryGridView.swift in Sources */,
				41AFEF4A260926F700F71DF6 /* CategoryModel.swift in Sources */,
				41AFEF352608E9B600F71DF6 /* NavigationBarView.swift in Sources */,
				41AFEF54260934D700F71DF6 /* SectionView.swift in Sources */,
				41A7EEDE2614C441000F4D29 /* BrandItemView.swift in Sources */,
				41AFEF4D2609293800F71DF6 /* CategoryItemView.swift in Sources */,
				41AFEF4726091BD800F71DF6 /* FeaturedTabView.swift in Sources */,
				41AFEF3E2609176D00F71DF6 /* PlayerModel.swift in Sources */,
				41A7EEDB2613A53F000F4D29 /* BrandModel.swift in Sources */,
				41A7EED126134F61000F4D29 /* TitleView.swift in Sources */,
				41A7EED426135105000F4D29 /* ProductModel.swift in Sources */,
			);
			runOnlyForDeploymentPostprocessing = 0;
		};
/* End PBXSourcesBuildPhase section */

/* Begin XCBuildConfiguration section */
		41AFEF152608C8E600F71DF6 /* Debug */ = {
			isa = XCBuildConfiguration;
			buildSettings = {
				ALWAYS_SEARCH_USER_PATHS = NO;
				CLANG_ANALYZER_NONNULL = YES;
				CLANG_ANALYZER_NUMBER_OBJECT_CONVERSION = YES_AGGRESSIVE;
				CLANG_CXX_LANGUAGE_STANDARD = "gnu++14";
				CLANG_CXX_LIBRARY = "libc++";
				CLANG_ENABLE_MODULES = YES;
				CLANG_ENABLE_OBJC_ARC = YES;
				CLANG_ENABLE_OBJC_WEAK = YES;
				CLANG_WARN_BLOCK_CAPTURE_AUTORELEASING = YES;
				CLANG_WARN_BOOL_CONVERSION = YES;
				CLANG_WARN_COMMA = YES;
				CLANG_WARN_CONSTANT_CONVERSION = YES;
				CLANG_WARN_DEPRECATED_OBJC_IMPLEMENTATIONS = YES;
				CLANG_WARN_DIRECT_OBJC_ISA_USAGE = YES_ERROR;
				CLANG_WARN_DOCUMENTATION_COMMENTS = YES;
				CLANG_WARN_EMPTY_BODY = YES;
				CLANG_WARN_ENUM_CONVERSION = YES;
				CLANG_WARN_INFINITE_RECURSION = YES;
				CLANG_WARN_INT_CONVERSION = YES;
				CLANG_WARN_NON_LITERAL_NULL_CONVERSION = YES;
				CLANG_WARN_OBJC_IMPLICIT_RETAIN_SELF = YES;
				CLANG_WARN_OBJC_LITERAL_CONVERSION = YES;
				CLANG_WARN_OBJC_ROOT_CLASS = YES_ERROR;
				CLANG_WARN_QUOTED_INCLUDE_IN_FRAMEWORK_HEADER = YES;
				CLANG_WARN_RANGE_LOOP_ANALYSIS = YES;
				CLANG_WARN_STRICT_PROTOTYPES = YES;
				CLANG_WARN_SUSPICIOUS_MOVE = YES;
				CLANG_WARN_UNGUARDED_AVAILABILITY = YES_AGGRESSIVE;
				CLANG_WARN_UNREACHABLE_CODE = YES;
				CLANG_WARN__DUPLICATE_METHOD_MATCH = YES;
				COPY_PHASE_STRIP = NO;
				DEBUG_INFORMATION_FORMAT = dwarf;
				ENABLE_STRICT_OBJC_MSGSEND = YES;
				ENABLE_TESTABILITY = YES;
				GCC_C_LANGUAGE_STANDARD = gnu11;
				GCC_DYNAMIC_NO_PIC = NO;
				GCC_NO_COMMON_BLOCKS = YES;
				GCC_OPTIMIZATION_LEVEL = 0;
				GCC_PREPROCESSOR_DEFINITIONS = (
					"DEBUG=1",
					"$(inherited)",
				);
				GCC_WARN_64_TO_32_BIT_CONVERSION = YES;
				GCC_WARN_ABOUT_RETURN_TYPE = YES_ERROR;
				GCC_WARN_UNDECLARED_SELECTOR = YES;
				GCC_WARN_UNINITIALIZED_AUTOS = YES_AGGRESSIVE;
				GCC_WARN_UNUSED_FUNCTION = YES;
				GCC_WARN_UNUSED_VARIABLE = YES;
				IPHONEOS_DEPLOYMENT_TARGET = 14.4;
				MTL_ENABLE_DEBUG_INFO = INCLUDE_SOURCE;
				MTL_FAST_MATH = YES;
				ONLY_ACTIVE_ARCH = YES;
				SDKROOT = iphoneos;
				SWIFT_ACTIVE_COMPILATION_CONDITIONS = DEBUG;
				SWIFT_OPTIMIZATION_LEVEL = "-Onone";
			};
			name = Debug;
		};
		41AFEF162608C8E600F71DF6 /* Release */ = {
			isa = XCBuildConfiguration;
			buildSettings = {
				ALWAYS_SEARCH_USER_PATHS = NO;
				CLANG_ANALYZER_NONNULL = YES;
				CLANG_ANALYZER_NUMBER_OBJECT_CONVERSION = YES_AGGRESSIVE;
				CLANG_CXX_LANGUAGE_STANDARD = "gnu++14";
				CLANG_CXX_LIBRARY = "libc++";
				CLANG_ENABLE_MODULES = YES;
				CLANG_ENABLE_OBJC_ARC = YES;
				CLANG_ENABLE_OBJC_WEAK = YES;
				CLANG_WARN_BLOCK_CAPTURE_AUTORELEASING = YES;
				CLANG_WARN_BOOL_CONVERSION = YES;
				CLANG_WARN_COMMA = YES;
				CLANG_WARN_CONSTANT_CONVERSION = YES;
				CLANG_WARN_DEPRECATED_OBJC_IMPLEMENTATIONS = YES;
				CLANG_WARN_DIRECT_OBJC_ISA_USAGE = YES_ERROR;
				CLANG_WARN_DOCUMENTATION_COMMENTS = YES;
				CLANG_WARN_EMPTY_BODY = YES;
				CLANG_WARN_ENUM_CONVERSION = YES;
				CLANG_WARN_INFINITE_RECURSION = YES;
				CLANG_WARN_INT_CONVERSION = YES;
				CLANG_WARN_NON_LITERAL_NULL_CONVERSION = YES;
				CLANG_WARN_OBJC_IMPLICIT_RETAIN_SELF = YES;
				CLANG_WARN_OBJC_LITERAL_CONVERSION = YES;
				CLANG_WARN_OBJC_ROOT_CLASS = YES_ERROR;
				CLANG_WARN_QUOTED_INCLUDE_IN_FRAMEWORK_HEADER = YES;
				CLANG_WARN_RANGE_LOOP_ANALYSIS = YES;
				CLANG_WARN_STRICT_PROTOTYPES = YES;
				CLANG_WARN_SUSPICIOUS_MOVE = YES;
				CLANG_WARN_UNGUARDED_AVAILABILITY = YES_AGGRESSIVE;
				CLANG_WARN_UNREACHABLE_CODE = YES;
				CLANG_WARN__DUPLICATE_METHOD_MATCH = YES;
				COPY_PHASE_STRIP = NO;
				DEBUG_INFORMATION_FORMAT = "dwarf-with-dsym";
				ENABLE_NS_ASSERTIONS = NO;
				ENABLE_STRICT_OBJC_MSGSEND = YES;
				GCC_C_LANGUAGE_STANDARD = gnu11;
				GCC_NO_COMMON_BLOCKS = YES;
				GCC_WARN_64_TO_32_BIT_CONVERSION = YES;
				GCC_WARN_ABOUT_RETURN_TYPE = YES_ERROR;
				GCC_WARN_UNDECLARED_SELECTOR = YES;
				GCC_WARN_UNINITIALIZED_AUTOS = YES_AGGRESSIVE;
				GCC_WARN_UNUSED_FUNCTION = YES;
				GCC_WARN_UNUSED_VARIABLE = YES;
				IPHONEOS_DEPLOYMENT_TARGET = 14.4;
				MTL_ENABLE_DEBUG_INFO = NO;
				MTL_FAST_MATH = YES;
				SDKROOT = iphoneos;
				SWIFT_COMPILATION_MODE = wholemodule;
				SWIFT_OPTIMIZATION_LEVEL = "-O";
				VALIDATE_PRODUCT = YES;
			};
			name = Release;
		};
		41AFEF182608C8E600F71DF6 /* Debug */ = {
			isa = XCBuildConfiguration;
			buildSettings = {
				ASSETCATALOG_COMPILER_APPICON_NAME = AppIcon;
				ASSETCATALOG_COMPILER_GLOBAL_ACCENT_COLOR_NAME = AccentColor;
				CODE_SIGN_STYLE = Automatic;
				DEVELOPMENT_ASSET_PATHS = "\"Touchdown/Preview Content\"";
				DEVELOPMENT_TEAM = 56F54J4H3N;
				ENABLE_PREVIEWS = YES;
				INFOPLIST_FILE = Touchdown/Info.plist;
				IPHONEOS_DEPLOYMENT_TARGET = 14.0;
				LD_RUNPATH_SEARCH_PATHS = (
					"$(inherited)",
					"@executable_path/Frameworks",
				);
				PRODUCT_BUNDLE_IDENTIFIER = MobileSoftwareSystems.Touchdown;
				PRODUCT_NAME = "$(TARGET_NAME)";
				SWIFT_VERSION = 5.0;
				TARGETED_DEVICE_FAMILY = "1,2";
			};
			name = Debug;
		};
		41AFEF192608C8E600F71DF6 /* Release */ = {
			isa = XCBuildConfiguration;
			buildSettings = {
				ASSETCATALOG_COMPILER_APPICON_NAME = AppIcon;
				ASSETCATALOG_COMPILER_GLOBAL_ACCENT_COLOR_NAME = AccentColor;
				CODE_SIGN_STYLE = Automatic;
				DEVELOPMENT_ASSET_PATHS = "\"Touchdown/Preview Content\"";
				DEVELOPMENT_TEAM = 56F54J4H3N;
				ENABLE_PREVIEWS = YES;
				INFOPLIST_FILE = Touchdown/Info.plist;
				IPHONEOS_DEPLOYMENT_TARGET = 14.0;
				LD_RUNPATH_SEARCH_PATHS = (
					"$(inherited)",
					"@executable_path/Frameworks",
				);
				PRODUCT_BUNDLE_IDENTIFIER = MobileSoftwareSystems.Touchdown;
				PRODUCT_NAME = "$(TARGET_NAME)";
				SWIFT_VERSION = 5.0;
				TARGETED_DEVICE_FAMILY = "1,2";
			};
			name = Release;
		};
/* End XCBuildConfiguration section */

/* Begin XCConfigurationList section */
		41AFEF032608C8E100F71DF6 /* Build configuration list for PBXProject "Touchdown" */ = {
			isa = XCConfigurationList;
			buildConfigurations = (
				41AFEF152608C8E600F71DF6 /* Debug */,
				41AFEF162608C8E600F71DF6 /* Release */,
			);
			defaultConfigurationIsVisible = 0;
			defaultConfigurationName = Release;
		};
		41AFEF172608C8E600F71DF6 /* Build configuration list for PBXNativeTarget "Touchdown" */ = {
			isa = XCConfigurationList;
			buildConfigurations = (
				41AFEF182608C8E600F71DF6 /* Debug */,
				41AFEF192608C8E600F71DF6 /* Release */,
			);
			defaultConfigurationIsVisible = 0;
			defaultConfigurationName = Release;
		};
/* End XCConfigurationList section */
	};
	rootObject = 41AFEF002608C8E100F71DF6 /* Project object */;
}
