// !$*UTF8*$!
{
	archiveVersion = 1;
	classes = {
	};
	objectVersion = 50;
	objects = {

/* Begin PBXBuildFile section */
		4151F23025FC11A700AF8D0A /* GoodNewsApp.swift in Sources */ = {isa = PBXBuildFile; fileRef = 4151F22F25FC11A700AF8D0A /* GoodNewsApp.swift */; };
		4151F23225FC11A700AF8D0A /* ContentView.swift in Sources */ = {isa = PBXBuildFile; fileRef = 4151F23125FC11A700AF8D0A /* ContentView.swift */; };
		4151F23425FC11B800AF8D0A /* Assets.xcassets in Resources */ = {isa = PBXBuildFile; fileRef = 4151F23325FC11B800AF8D0A /* Assets.xcassets */; };
		4151F23725FC11B800AF8D0A /* Preview Assets.xcassets in Resources */ = {isa = PBXBuildFile; fileRef = 4151F23625FC11B800AF8D0A /* Preview Assets.xcassets */; };
		4151F24325FC158900AF8D0A /* CustomNavigationBar.swift in Sources */ = {isa = PBXBuildFile; fileRef = 4151F24225FC158900AF8D0A /* CustomNavigationBar.swift */; };
		4151F24725FC166E00AF8D0A /* customNavbarColor.swift in Sources */ = {isa = PBXBuildFile; fileRef = 4151F24625FC166E00AF8D0A /* customNavbarColor.swift */; };
		4151F25625FCF4D600AF8D0A /* ArticleModel.swift in Sources */ = {isa = PBXBuildFile; fileRef = 4151F25525FCF4D600AF8D0A /* ArticleModel.swift */; };
		4151F25A25FCF82900AF8D0A /* DataController.swift in Sources */ = {isa = PBXBuildFile; fileRef = 4151F25925FCF82900AF8D0A /* DataController.swift */; };
		4151F25E25FD4F7200AF8D0A /* ArticleViewModel.swift in Sources */ = {isa = PBXBuildFile; fileRef = 4151F25D25FD4F7200AF8D0A /* ArticleViewModel.swift */; };
		4151F2682600250E00AF8D0A /* ArticleListView.swift in Sources */ = {isa = PBXBuildFile; fileRef = 4151F2672600250E00AF8D0A /* ArticleListView.swift */; };
		4151F26B2600E77D00AF8D0A /* ArticleTileView.swift in Sources */ = {isa = PBXBuildFile; fileRef = 4151F26A2600E77D00AF8D0A /* ArticleTileView.swift */; };
		4151F26F2600F02600AF8D0A /* ArticelDetailView.swift in Sources */ = {isa = PBXBuildFile; fileRef = 4151F26E2600F02600AF8D0A /* ArticelDetailView.swift */; };
/* End PBXBuildFile section */

/* Begin PBXFileReference section */
		4151F22C25FC11A700AF8D0A /* GoodNews.app */ = {isa = PBXFileReference; explicitFileType = wrapper.application; includeInIndex = 0; path = GoodNews.app; sourceTree = BUILT_PRODUCTS_DIR; };
		4151F22F25FC11A700AF8D0A /* GoodNewsApp.swift */ = {isa = PBXFileReference; lastKnownFileType = sourcecode.swift; path = GoodNewsApp.swift; sourceTree = "<group>"; };
		4151F23125FC11A700AF8D0A /* ContentView.swift */ = {isa = PBXFileReference; lastKnownFileType = sourcecode.swift; path = ContentView.swift; sourceTree = "<group>"; };
		4151F23325FC11B800AF8D0A /* Assets.xcassets */ = {isa = PBXFileReference; lastKnownFileType = folder.assetcatalog; path = Assets.xcassets; sourceTree = "<group>"; };
		4151F23625FC11B800AF8D0A /* Preview Assets.xcassets */ = {isa = PBXFileReference; lastKnownFileType = folder.assetcatalog; path = "Preview Assets.xcassets"; sourceTree = "<group>"; };
		4151F23825FC11B900AF8D0A /* Info.plist */ = {isa = PBXFileReference; lastKnownFileType = text.plist.xml; path = Info.plist; sourceTree = "<group>"; };
		4151F24225FC158900AF8D0A /* CustomNavigationBar.swift */ = {isa = PBXFileReference; lastKnownFileType = sourcecode.swift; path = CustomNavigationBar.swift; sourceTree = "<group>"; };
		4151F24625FC166E00AF8D0A /* customNavbarColor.swift */ = {isa = PBXFileReference; lastKnownFileType = sourcecode.swift; path = customNavbarColor.swift; sourceTree = "<group>"; };
		4151F25525FCF4D600AF8D0A /* ArticleModel.swift */ = {isa = PBXFileReference; lastKnownFileType = sourcecode.swift; path = ArticleModel.swift; sourceTree = "<group>"; };
		4151F25925FCF82900AF8D0A /* DataController.swift */ = {isa = PBXFileReference; lastKnownFileType = sourcecode.swift; path = DataController.swift; sourceTree = "<group>"; };
		4151F25D25FD4F7200AF8D0A /* ArticleViewModel.swift */ = {isa = PBXFileReference; lastKnownFileType = sourcecode.swift; path = ArticleViewModel.swift; sourceTree = "<group>"; };
		4151F2672600250E00AF8D0A /* ArticleListView.swift */ = {isa = PBXFileReference; lastKnownFileType = sourcecode.swift; path = ArticleListView.swift; sourceTree = "<group>"; };
		4151F26A2600E77D00AF8D0A /* ArticleTileView.swift */ = {isa = PBXFileReference; lastKnownFileType = sourcecode.swift; path = ArticleTileView.swift; sourceTree = "<group>"; };
		4151F26E2600F02600AF8D0A /* ArticelDetailView.swift */ = {isa = PBXFileReference; lastKnownFileType = sourcecode.swift; path = ArticelDetailView.swift; sourceTree = "<group>"; };
/* End PBXFileReference section */

/* Begin PBXFrameworksBuildPhase section */
		4151F22925FC11A700AF8D0A /* Frameworks */ = {
			isa = PBXFrameworksBuildPhase;
			buildActionMask = 2147483647;
			files = (
			);
			runOnlyForDeploymentPostprocessing = 0;
		};
/* End PBXFrameworksBuildPhase section */

/* Begin PBXGroup section */
		4151F22325FC11A700AF8D0A = {
			isa = PBXGroup;
			children = (
				4151F22E25FC11A700AF8D0A /* GoodNews */,
				4151F22D25FC11A700AF8D0A /* Products */,
			);
			sourceTree = "<group>";
		};
		4151F22D25FC11A700AF8D0A /* Products */ = {
			isa = PBXGroup;
			children = (
				4151F22C25FC11A700AF8D0A /* GoodNews.app */,
			);
			name = Products;
			sourceTree = "<group>";
		};
		4151F22E25FC11A700AF8D0A /* GoodNews */ = {
			isa = PBXGroup;
			children = (
				4151F25C25FD4F5400AF8D0A /* ViewModels */,
				4151F25425FCF4BC00AF8D0A /* Models */,
				4151F25025FCF35000AF8D0A /* Extensions */,
				4151F24125FC155100AF8D0A /* Controllers */,
				4151F24025FC154200AF8D0A /* App */,
				4151F23F25FC153600AF8D0A /* Views */,
				4151F23325FC11B800AF8D0A /* Assets.xcassets */,
				4151F23825FC11B900AF8D0A /* Info.plist */,
				4151F23525FC11B800AF8D0A /* Preview Content */,
			);
			path = GoodNews;
			sourceTree = "<group>";
		};
		4151F23525FC11B800AF8D0A /* Preview Content */ = {
			isa = PBXGroup;
			children = (
				4151F23625FC11B800AF8D0A /* Preview Assets.xcassets */,
			);
			path = "Preview Content";
			sourceTree = "<group>";
		};
		4151F23F25FC153600AF8D0A /* Views */ = {
			isa = PBXGroup;
			children = (
				4151F23125FC11A700AF8D0A /* ContentView.swift */,
				4151F2672600250E00AF8D0A /* ArticleListView.swift */,
				4151F26A2600E77D00AF8D0A /* ArticleTileView.swift */,
				4151F26E2600F02600AF8D0A /* ArticelDetailView.swift */,
			);
			path = Views;
			sourceTree = "<group>";
		};
		4151F24025FC154200AF8D0A /* App */ = {
			isa = PBXGroup;
			children = (
				4151F22F25FC11A700AF8D0A /* GoodNewsApp.swift */,
			);
			path = App;
			sourceTree = "<group>";
		};
		4151F24125FC155100AF8D0A /* Controllers */ = {
			isa = PBXGroup;
			children = (
				4151F24225FC158900AF8D0A /* CustomNavigationBar.swift */,
				4151F25925FCF82900AF8D0A /* DataController.swift */,
			);
			path = Controllers;
			sourceTree = "<group>";
		};
		4151F25025FCF35000AF8D0A /* Extensions */ = {
			isa = PBXGroup;
			children = (
				4151F24625FC166E00AF8D0A /* customNavbarColor.swift */,
			);
			path = Extensions;
			sourceTree = "<group>";
		};
		4151F25425FCF4BC00AF8D0A /* Models */ = {
			isa = PBXGroup;
			children = (
				4151F25525FCF4D600AF8D0A /* ArticleModel.swift */,
			);
			path = Models;
			sourceTree = "<group>";
		};
		4151F25C25FD4F5400AF8D0A /* ViewModels */ = {
			isa = PBXGroup;
			children = (
				4151F25D25FD4F7200AF8D0A /* ArticleViewModel.swift */,
			);
			path = ViewModels;
			sourceTree = "<group>";
		};
/* End PBXGroup section */

/* Begin PBXNativeTarget section */
		4151F22B25FC11A700AF8D0A /* GoodNews */ = {
			isa = PBXNativeTarget;
			buildConfigurationList = 4151F23B25FC11B900AF8D0A /* Build configuration list for PBXNativeTarget "GoodNews" */;
			buildPhases = (
				4151F22825FC11A700AF8D0A /* Sources */,
				4151F22925FC11A700AF8D0A /* Frameworks */,
				4151F22A25FC11A700AF8D0A /* Resources */,
			);
			buildRules = (
			);
			dependencies = (
			);
			name = GoodNews;
			productName = GoodNews;
			productReference = 4151F22C25FC11A700AF8D0A /* GoodNews.app */;
			productType = "com.apple.product-type.application";
		};
/* End PBXNativeTarget section */

/* Begin PBXProject section */
		4151F22425FC11A700AF8D0A /* Project object */ = {
			isa = PBXProject;
			attributes = {
				LastSwiftUpdateCheck = 1240;
				LastUpgradeCheck = 1240;
				TargetAttributes = {
					4151F22B25FC11A700AF8D0A = {
						CreatedOnToolsVersion = 12.4;
					};
				};
			};
			buildConfigurationList = 4151F22725FC11A700AF8D0A /* Build configuration list for PBXProject "GoodNews" */;
			compatibilityVersion = "Xcode 9.3";
			developmentRegion = en;
			hasScannedForEncodings = 0;
			knownRegions = (
				en,
				Base,
			);
			mainGroup = 4151F22325FC11A700AF8D0A;
			productRefGroup = 4151F22D25FC11A700AF8D0A /* Products */;
			projectDirPath = "";
			projectRoot = "";
			targets = (
				4151F22B25FC11A700AF8D0A /* GoodNews */,
			);
		};
/* End PBXProject section */

/* Begin PBXResourcesBuildPhase section */
		4151F22A25FC11A700AF8D0A /* Resources */ = {
			isa = PBXResourcesBuildPhase;
			buildActionMask = 2147483647;
			files = (
				4151F23725FC11B800AF8D0A /* Preview Assets.xcassets in Resources */,
				4151F23425FC11B800AF8D0A /* Assets.xcassets in Resources */,
			);
			runOnlyForDeploymentPostprocessing = 0;
		};
/* End PBXResourcesBuildPhase section */

/* Begin PBXSourcesBuildPhase section */
		4151F22825FC11A700AF8D0A /* Sources */ = {
			isa = PBXSourcesBuildPhase;
			buildActionMask = 2147483647;
			files = (
				4151F26B2600E77D00AF8D0A /* ArticleTileView.swift in Sources */,
				4151F25A25FCF82900AF8D0A /* DataController.swift in Sources */,
				4151F25E25FD4F7200AF8D0A /* ArticleViewModel.swift in Sources */,
				4151F24325FC158900AF8D0A /* CustomNavigationBar.swift in Sources */,
				4151F2682600250E00AF8D0A /* ArticleListView.swift in Sources */,
				4151F23225FC11A700AF8D0A /* ContentView.swift in Sources */,
				4151F24725FC166E00AF8D0A /* customNavbarColor.swift in Sources */,
				4151F25625FCF4D600AF8D0A /* ArticleModel.swift in Sources */,
				4151F26F2600F02600AF8D0A /* ArticelDetailView.swift in Sources */,
				4151F23025FC11A700AF8D0A /* GoodNewsApp.swift in Sources */,
			);
			runOnlyForDeploymentPostprocessing = 0;
		};
/* End PBXSourcesBuildPhase section */

/* Begin XCBuildConfiguration section */
		4151F23925FC11B900AF8D0A /* Debug */ = {
			isa = XCBuildConfiguration;
			buildSettings = {
				ALWAYS_SEARCH_USER_PATHS = NO;
				CLANG_ANALYZER_NONNULL = YES;
				CLANG_ANALYZER_NUMBER_OBJECT_CONVERSION = YES_AGGRESSIVE;
				CLANG_CXX_LANGUAGE_STANDARD = "gnu++14";
				CLANG_CXX_LIBRARY = "libc++";
				CLANG_ENABLE_MODULES = YES;
				CLANG_ENABLE_OBJC_ARC = YES;
				CLANG_ENABLE_OBJC_WEAK = YES;
				CLANG_WARN_BLOCK_CAPTURE_AUTORELEASING = YES;
				CLANG_WARN_BOOL_CONVERSION = YES;
				CLANG_WARN_COMMA = YES;
				CLANG_WARN_CONSTANT_CONVERSION = YES;
				CLANG_WARN_DEPRECATED_OBJC_IMPLEMENTATIONS = YES;
				CLANG_WARN_DIRECT_OBJC_ISA_USAGE = YES_ERROR;
				CLANG_WARN_DOCUMENTATION_COMMENTS = YES;
				CLANG_WARN_EMPTY_BODY = YES;
				CLANG_WARN_ENUM_CONVERSION = YES;
				CLANG_WARN_INFINITE_RECURSION = YES;
				CLANG_WARN_INT_CONVERSION = YES;
				CLANG_WARN_NON_LITERAL_NULL_CONVERSION = YES;
				CLANG_WARN_OBJC_IMPLICIT_RETAIN_SELF = YES;
				CLANG_WARN_OBJC_LITERAL_CONVERSION = YES;
				CLANG_WARN_OBJC_ROOT_CLASS = YES_ERROR;
				CLANG_WARN_QUOTED_INCLUDE_IN_FRAMEWORK_HEADER = YES;
				CLANG_WARN_RANGE_LOOP_ANALYSIS = YES;
				CLANG_WARN_STRICT_PROTOTYPES = YES;
				CLANG_WARN_SUSPICIOUS_MOVE = YES;
				CLANG_WARN_UNGUARDED_AVAILABILITY = YES_AGGRESSIVE;
				CLANG_WARN_UNREACHABLE_CODE = YES;
				CLANG_WARN__DUPLICATE_METHOD_MATCH = YES;
				COPY_PHASE_STRIP = NO;
				DEBUG_INFORMATION_FORMAT = dwarf;
				ENABLE_STRICT_OBJC_MSGSEND = YES;
				ENABLE_TESTABILITY = YES;
				GCC_C_LANGUAGE_STANDARD = gnu11;
				GCC_DYNAMIC_NO_PIC = NO;
				GCC_NO_COMMON_BLOCKS = YES;
				GCC_OPTIMIZATION_LEVEL = 0;
				GCC_PREPROCESSOR_DEFINITIONS = (
					"DEBUG=1",
					"$(inherited)",
				);
				GCC_WARN_64_TO_32_BIT_CONVERSION = YES;
				GCC_WARN_ABOUT_RETURN_TYPE = YES_ERROR;
				GCC_WARN_UNDECLARED_SELECTOR = YES;
				GCC_WARN_UNINITIALIZED_AUTOS = YES_AGGRESSIVE;
				GCC_WARN_UNUSED_FUNCTION = YES;
				GCC_WARN_UNUSED_VARIABLE = YES;
				IPHONEOS_DEPLOYMENT_TARGET = 14.4;
				MTL_ENABLE_DEBUG_INFO = INCLUDE_SOURCE;
				MTL_FAST_MATH = YES;
				ONLY_ACTIVE_ARCH = YES;
				SDKROOT = iphoneos;
				SWIFT_ACTIVE_COMPILATION_CONDITIONS = DEBUG;
				SWIFT_OPTIMIZATION_LEVEL = "-Onone";
			};
			name = Debug;
		};
		4151F23A25FC11B900AF8D0A /* Release */ = {
			isa = XCBuildConfiguration;
			buildSettings = {
				ALWAYS_SEARCH_USER_PATHS = NO;
				CLANG_ANALYZER_NONNULL = YES;
				CLANG_ANALYZER_NUMBER_OBJECT_CONVERSION = YES_AGGRESSIVE;
				CLANG_CXX_LANGUAGE_STANDARD = "gnu++14";
				CLANG_CXX_LIBRARY = "libc++";
				CLANG_ENABLE_MODULES = YES;
				CLANG_ENABLE_OBJC_ARC = YES;
				CLANG_ENABLE_OBJC_WEAK = YES;
				CLANG_WARN_BLOCK_CAPTURE_AUTORELEASING = YES;
				CLANG_WARN_BOOL_CONVERSION = YES;
				CLANG_WARN_COMMA = YES;
				CLANG_WARN_CONSTANT_CONVERSION = YES;
				CLANG_WARN_DEPRECATED_OBJC_IMPLEMENTATIONS = YES;
				CLANG_WARN_DIRECT_OBJC_ISA_USAGE = YES_ERROR;
				CLANG_WARN_DOCUMENTATION_COMMENTS = YES;
				CLANG_WARN_EMPTY_BODY = YES;
				CLANG_WARN_ENUM_CONVERSION = YES;
				CLANG_WARN_INFINITE_RECURSION = YES;
				CLANG_WARN_INT_CONVERSION = YES;
				CLANG_WARN_NON_LITERAL_NULL_CONVERSION = YES;
				CLANG_WARN_OBJC_IMPLICIT_RETAIN_SELF = YES;
				CLANG_WARN_OBJC_LITERAL_CONVERSION = YES;
				CLANG_WARN_OBJC_ROOT_CLASS = YES_ERROR;
				CLANG_WARN_QUOTED_INCLUDE_IN_FRAMEWORK_HEADER = YES;
				CLANG_WARN_RANGE_LOOP_ANALYSIS = YES;
				CLANG_WARN_STRICT_PROTOTYPES = YES;
				CLANG_WARN_SUSPICIOUS_MOVE = YES;
				CLANG_WARN_UNGUARDED_AVAILABILITY = YES_AGGRESSIVE;
				CLANG_WARN_UNREACHABLE_CODE = YES;
				CLANG_WARN__DUPLICATE_METHOD_MATCH = YES;
				COPY_PHASE_STRIP = NO;
				DEBUG_INFORMATION_FORMAT = "dwarf-with-dsym";
				ENABLE_NS_ASSERTIONS = NO;
				ENABLE_STRICT_OBJC_MSGSEND = YES;
				GCC_C_LANGUAGE_STANDARD = gnu11;
				GCC_NO_COMMON_BLOCKS = YES;
				GCC_WARN_64_TO_32_BIT_CONVERSION = YES;
				GCC_WARN_ABOUT_RETURN_TYPE = YES_ERROR;
				GCC_WARN_UNDECLARED_SELECTOR = YES;
				GCC_WARN_UNINITIALIZED_AUTOS = YES_AGGRESSIVE;
				GCC_WARN_UNUSED_FUNCTION = YES;
				GCC_WARN_UNUSED_VARIABLE = YES;
				IPHONEOS_DEPLOYMENT_TARGET = 14.4;
				MTL_ENABLE_DEBUG_INFO = NO;
				MTL_FAST_MATH = YES;
				SDKROOT = iphoneos;
				SWIFT_COMPILATION_MODE = wholemodule;
				SWIFT_OPTIMIZATION_LEVEL = "-O";
				VALIDATE_PRODUCT = YES;
			};
			name = Release;
		};
		4151F23C25FC11B900AF8D0A /* Debug */ = {
			isa = XCBuildConfiguration;
			buildSettings = {
				ASSETCATALOG_COMPILER_APPICON_NAME = AppIcon;
				ASSETCATALOG_COMPILER_GLOBAL_ACCENT_COLOR_NAME = AccentColor;
				CODE_SIGN_STYLE = Automatic;
				DEVELOPMENT_ASSET_PATHS = "\"GoodNews/Preview Content\"";
				DEVELOPMENT_TEAM = 56F54J4H3N;
				ENABLE_PREVIEWS = YES;
				INFOPLIST_FILE = GoodNews/Info.plist;
				IPHONEOS_DEPLOYMENT_TARGET = 14.0;
				LD_RUNPATH_SEARCH_PATHS = (
					"$(inherited)",
					"@executable_path/Frameworks",
				);
				PRODUCT_BUNDLE_IDENTIFIER = MobileSoftwareSystems.GoodNews;
				PRODUCT_NAME = "$(TARGET_NAME)";
				SWIFT_VERSION = 5.0;
				TARGETED_DEVICE_FAMILY = "1,2";
			};
			name = Debug;
		};
		4151F23D25FC11B900AF8D0A /* Release */ = {
			isa = XCBuildConfiguration;
			buildSettings = {
				ASSETCATALOG_COMPILER_APPICON_NAME = AppIcon;
				ASSETCATALOG_COMPILER_GLOBAL_ACCENT_COLOR_NAME = AccentColor;
				CODE_SIGN_STYLE = Automatic;
				DEVELOPMENT_ASSET_PATHS = "\"GoodNews/Preview Content\"";
				DEVELOPMENT_TEAM = 56F54J4H3N;
				ENABLE_PREVIEWS = YES;
				INFOPLIST_FILE = GoodNews/Info.plist;
				IPHONEOS_DEPLOYMENT_TARGET = 14.0;
				LD_RUNPATH_SEARCH_PATHS = (
					"$(inherited)",
					"@executable_path/Frameworks",
				);
				PRODUCT_BUNDLE_IDENTIFIER = MobileSoftwareSystems.GoodNews;
				PRODUCT_NAME = "$(TARGET_NAME)";
				SWIFT_VERSION = 5.0;
				TARGETED_DEVICE_FAMILY = "1,2";
			};
			name = Release;
		};
/* End XCBuildConfiguration section */

/* Begin XCConfigurationList section */
		4151F22725FC11A700AF8D0A /* Build configuration list for PBXProject "GoodNews" */ = {
			isa = XCConfigurationList;
			buildConfigurations = (
				4151F23925FC11B900AF8D0A /* Debug */,
				4151F23A25FC11B900AF8D0A /* Release */,
			);
			defaultConfigurationIsVisible = 0;
			defaultConfigurationName = Release;
		};
		4151F23B25FC11B900AF8D0A /* Build configuration list for PBXNativeTarget "GoodNews" */ = {
			isa = XCConfigurationList;
			buildConfigurations = (
				4151F23C25FC11B900AF8D0A /* Debug */,
				4151F23D25FC11B900AF8D0A /* Release */,
			);
			defaultConfigurationIsVisible = 0;
			defaultConfigurationName = Release;
		};
/* End XCConfigurationList section */
	};
	rootObject = 4151F22425FC11A700AF8D0A /* Project object */;
}
