// !$*UTF8*$!
{
	archiveVersion = 1;
	classes = {
	};
	objectVersion = 50;
	objects = {

/* Begin PBXBuildFile section */
		4145EEF525B23257004FFD23 /* Audio_RecorderApp.swift in Sources */ = {isa = PBXBuildFile; fileRef = 4145EEE225B2324A004FFD23 /* Audio_RecorderApp.swift */; };
		4145EEF625B23257004FFD23 /* Audio_RecorderApp.swift in Sources */ = {isa = PBXBuildFile; fileRef = 4145EEE225B2324A004FFD23 /* Audio_RecorderApp.swift */; };
		4145EEF725B23257004FFD23 /* ContentView.swift in Sources */ = {isa = PBXBuildFile; fileRef = 4145EEE325B2324A004FFD23 /* ContentView.swift */; };
		4145EEF825B23257004FFD23 /* ContentView.swift in Sources */ = {isa = PBXBuildFile; fileRef = 4145EEE325B2324A004FFD23 /* ContentView.swift */; };
		4145EEF925B23257004FFD23 /* Assets.xcassets in Resources */ = {isa = PBXBuildFile; fileRef = 4145EEE425B23256004FFD23 /* Assets.xcassets */; };
		4145EEFA25B23257004FFD23 /* Assets.xcassets in Resources */ = {isa = PBXBuildFile; fileRef = 4145EEE425B23256004FFD23 /* Assets.xcassets */; };
/* End PBXBuildFile section */

/* Begin PBXFileReference section */
		4145EEE225B2324A004FFD23 /* Audio_RecorderApp.swift */ = {isa = PBXFileReference; lastKnownFileType = sourcecode.swift; path = Audio_RecorderApp.swift; sourceTree = "<group>"; };
		4145EEE325B2324A004FFD23 /* ContentView.swift */ = {isa = PBXFileReference; lastKnownFileType = sourcecode.swift; path = ContentView.swift; sourceTree = "<group>"; };
		4145EEE425B23256004FFD23 /* Assets.xcassets */ = {isa = PBXFileReference; lastKnownFileType = folder.assetcatalog; path = Assets.xcassets; sourceTree = "<group>"; };
		4145EEE925B23256004FFD23 /* Audio Recorder.app */ = {isa = PBXFileReference; explicitFileType = wrapper.application; includeInIndex = 0; path = "Audio Recorder.app"; sourceTree = BUILT_PRODUCTS_DIR; };
		4145EEEC25B23257004FFD23 /* Info.plist */ = {isa = PBXFileReference; lastKnownFileType = text.plist.xml; path = Info.plist; sourceTree = "<group>"; };
		4145EEF125B23257004FFD23 /* Audio Recorder.app */ = {isa = PBXFileReference; explicitFileType = wrapper.application; includeInIndex = 0; path = "Audio Recorder.app"; sourceTree = BUILT_PRODUCTS_DIR; };
		4145EEF325B23257004FFD23 /* Info.plist */ = {isa = PBXFileReference; lastKnownFileType = text.plist.xml; path = Info.plist; sourceTree = "<group>"; };
		4145EEF425B23257004FFD23 /* macOS.entitlements */ = {isa = PBXFileReference; lastKnownFileType = text.plist.entitlements; path = macOS.entitlements; sourceTree = "<group>"; };
/* End PBXFileReference section */

/* Begin PBXFrameworksBuildPhase section */
		4145EEE625B23256004FFD23 /* Frameworks */ = {
			isa = PBXFrameworksBuildPhase;
			buildActionMask = 2147483647;
			files = (
			);
			runOnlyForDeploymentPostprocessing = 0;
		};
		4145EEEE25B23257004FFD23 /* Frameworks */ = {
			isa = PBXFrameworksBuildPhase;
			buildActionMask = 2147483647;
			files = (
			);
			runOnlyForDeploymentPostprocessing = 0;
		};
/* End PBXFrameworksBuildPhase section */

/* Begin PBXGroup section */
		4145EEDC25B23249004FFD23 = {
			isa = PBXGroup;
			children = (
				4145EEE125B2324A004FFD23 /* Shared */,
				4145EEEB25B23257004FFD23 /* iOS */,
				4145EEF225B23257004FFD23 /* macOS */,
				4145EEEA25B23256004FFD23 /* Products */,
			);
			sourceTree = "<group>";
		};
		4145EEE125B2324A004FFD23 /* Shared */ = {
			isa = PBXGroup;
			children = (
				4145EEE225B2324A004FFD23 /* Audio_RecorderApp.swift */,
				4145EEE325B2324A004FFD23 /* ContentView.swift */,
				4145EEE425B23256004FFD23 /* Assets.xcassets */,
			);
			path = Shared;
			sourceTree = "<group>";
		};
		4145EEEA25B23256004FFD23 /* Products */ = {
			isa = PBXGroup;
			children = (
				4145EEE925B23256004FFD23 /* Audio Recorder.app */,
				4145EEF125B23257004FFD23 /* Audio Recorder.app */,
			);
			name = Products;
			sourceTree = "<group>";
		};
		4145EEEB25B23257004FFD23 /* iOS */ = {
			isa = PBXGroup;
			children = (
				4145EEEC25B23257004FFD23 /* Info.plist */,
			);
			path = iOS;
			sourceTree = "<group>";
		};
		4145EEF225B23257004FFD23 /* macOS */ = {
			isa = PBXGroup;
			children = (
				4145EEF325B23257004FFD23 /* Info.plist */,
				4145EEF425B23257004FFD23 /* macOS.entitlements */,
			);
			path = macOS;
			sourceTree = "<group>";
		};
/* End PBXGroup section */

/* Begin PBXNativeTarget section */
		4145EEE825B23256004FFD23 /* Audio Recorder (iOS) */ = {
			isa = PBXNativeTarget;
			buildConfigurationList = 4145EEFD25B23257004FFD23 /* Build configuration list for PBXNativeTarget "Audio Recorder (iOS)" */;
			buildPhases = (
				4145EEE525B23256004FFD23 /* Sources */,
				4145EEE625B23256004FFD23 /* Frameworks */,
				4145EEE725B23256004FFD23 /* Resources */,
			);
			buildRules = (
			);
			dependencies = (
			);
			name = "Audio Recorder (iOS)";
			productName = "Audio Recorder (iOS)";
			productReference = 4145EEE925B23256004FFD23 /* Audio Recorder.app */;
			productType = "com.apple.product-type.application";
		};
		4145EEF025B23257004FFD23 /* Audio Recorder (macOS) */ = {
			isa = PBXNativeTarget;
			buildConfigurationList = 4145EF0025B23257004FFD23 /* Build configuration list for PBXNativeTarget "Audio Recorder (macOS)" */;
			buildPhases = (
				4145EEED25B23257004FFD23 /* Sources */,
				4145EEEE25B23257004FFD23 /* Frameworks */,
				4145EEEF25B23257004FFD23 /* Resources */,
			);
			buildRules = (
			);
			dependencies = (
			);
			name = "Audio Recorder (macOS)";
			productName = "Audio Recorder (macOS)";
			productReference = 4145EEF125B23257004FFD23 /* Audio Recorder.app */;
			productType = "com.apple.product-type.application";
		};
/* End PBXNativeTarget section */

/* Begin PBXProject section */
		4145EEDD25B23249004FFD23 /* Project object */ = {
			isa = PBXProject;
			attributes = {
				LastSwiftUpdateCheck = 1230;
				LastUpgradeCheck = 1230;
				TargetAttributes = {
					4145EEE825B23256004FFD23 = {
						CreatedOnToolsVersion = 12.3;
					};
					4145EEF025B23257004FFD23 = {
						CreatedOnToolsVersion = 12.3;
					};
				};
			};
			buildConfigurationList = 4145EEE025B23249004FFD23 /* Build configuration list for PBXProject "Audio Recorder" */;
			compatibilityVersion = "Xcode 9.3";
			developmentRegion = en;
			hasScannedForEncodings = 0;
			knownRegions = (
				en,
				Base,
			);
			mainGroup = 4145EEDC25B23249004FFD23;
			productRefGroup = 4145EEEA25B23256004FFD23 /* Products */;
			projectDirPath = "";
			projectRoot = "";
			targets = (
				4145EEE825B23256004FFD23 /* Audio Recorder (iOS) */,
				4145EEF025B23257004FFD23 /* Audio Recorder (macOS) */,
			);
		};
/* End PBXProject section */

/* Begin PBXResourcesBuildPhase section */
		4145EEE725B23256004FFD23 /* Resources */ = {
			isa = PBXResourcesBuildPhase;
			buildActionMask = 2147483647;
			files = (
				4145EEF925B23257004FFD23 /* Assets.xcassets in Resources */,
			);
			runOnlyForDeploymentPostprocessing = 0;
		};
		4145EEEF25B23257004FFD23 /* Resources */ = {
			isa = PBXResourcesBuildPhase;
			buildActionMask = 2147483647;
			files = (
				4145EEFA25B23257004FFD23 /* Assets.xcassets in Resources */,
			);
			runOnlyForDeploymentPostprocessing = 0;
		};
/* End PBXResourcesBuildPhase section */

/* Begin PBXSourcesBuildPhase section */
		4145EEE525B23256004FFD23 /* Sources */ = {
			isa = PBXSourcesBuildPhase;
			buildActionMask = 2147483647;
			files = (
				4145EEF725B23257004FFD23 /* ContentView.swift in Sources */,
				4145EEF525B23257004FFD23 /* Audio_RecorderApp.swift in Sources */,
			);
			runOnlyForDeploymentPostprocessing = 0;
		};
		4145EEED25B23257004FFD23 /* Sources */ = {
			isa = PBXSourcesBuildPhase;
			buildActionMask = 2147483647;
			files = (
				4145EEF825B23257004FFD23 /* ContentView.swift in Sources */,
				4145EEF625B23257004FFD23 /* Audio_RecorderApp.swift in Sources */,
			);
			runOnlyForDeploymentPostprocessing = 0;
		};
/* End PBXSourcesBuildPhase section */

/* Begin XCBuildConfiguration section */
		4145EEFB25B23257004FFD23 /* Debug */ = {
			isa = XCBuildConfiguration;
			buildSettings = {
				ALWAYS_SEARCH_USER_PATHS = NO;
				CLANG_ANALYZER_NONNULL = YES;
				CLANG_ANALYZER_NUMBER_OBJECT_CONVERSION = YES_AGGRESSIVE;
				CLANG_CXX_LANGUAGE_STANDARD = "gnu++14";
				CLANG_CXX_LIBRARY = "libc++";
				CLANG_ENABLE_MODULES = YES;
				CLANG_ENABLE_OBJC_ARC = YES;
				CLANG_ENABLE_OBJC_WEAK = YES;
				CLANG_WARN_BLOCK_CAPTURE_AUTORELEASING = YES;
				CLANG_WARN_BOOL_CONVERSION = YES;
				CLANG_WARN_COMMA = YES;
				CLANG_WARN_CONSTANT_CONVERSION = YES;
				CLANG_WARN_DEPRECATED_OBJC_IMPLEMENTATIONS = YES;
				CLANG_WARN_DIRECT_OBJC_ISA_USAGE = YES_ERROR;
				CLANG_WARN_DOCUMENTATION_COMMENTS = YES;
				CLANG_WARN_EMPTY_BODY = YES;
				CLANG_WARN_ENUM_CONVERSION = YES;
				CLANG_WARN_INFINITE_RECURSION = YES;
				CLANG_WARN_INT_CONVERSION = YES;
				CLANG_WARN_NON_LITERAL_NULL_CONVERSION = YES;
				CLANG_WARN_OBJC_IMPLICIT_RETAIN_SELF = YES;
				CLANG_WARN_OBJC_LITERAL_CONVERSION = YES;
				CLANG_WARN_OBJC_ROOT_CLASS = YES_ERROR;
				CLANG_WARN_QUOTED_INCLUDE_IN_FRAMEWORK_HEADER = YES;
				CLANG_WARN_RANGE_LOOP_ANALYSIS = YES;
				CLANG_WARN_STRICT_PROTOTYPES = YES;
				CLANG_WARN_SUSPICIOUS_MOVE = YES;
				CLANG_WARN_UNGUARDED_AVAILABILITY = YES_AGGRESSIVE;
				CLANG_WARN_UNREACHABLE_CODE = YES;
				CLANG_WARN__DUPLICATE_METHOD_MATCH = YES;
				COPY_PHASE_STRIP = NO;
				DEBUG_INFORMATION_FORMAT = dwarf;
				ENABLE_STRICT_OBJC_MSGSEND = YES;
				ENABLE_TESTABILITY = YES;
				GCC_C_LANGUAGE_STANDARD = gnu11;
				GCC_DYNAMIC_NO_PIC = NO;
				GCC_NO_COMMON_BLOCKS = YES;
				GCC_OPTIMIZATION_LEVEL = 0;
				GCC_PREPROCESSOR_DEFINITIONS = (
					"DEBUG=1",
					"$(inherited)",
				);
				GCC_WARN_64_TO_32_BIT_CONVERSION = YES;
				GCC_WARN_ABOUT_RETURN_TYPE = YES_ERROR;
				GCC_WARN_UNDECLARED_SELECTOR = YES;
				GCC_WARN_UNINITIALIZED_AUTOS = YES_AGGRESSIVE;
				GCC_WARN_UNUSED_FUNCTION = YES;
				GCC_WARN_UNUSED_VARIABLE = YES;
				MTL_ENABLE_DEBUG_INFO = INCLUDE_SOURCE;
				MTL_FAST_MATH = YES;
				ONLY_ACTIVE_ARCH = YES;
				SWIFT_ACTIVE_COMPILATION_CONDITIONS = DEBUG;
				SWIFT_OPTIMIZATION_LEVEL = "-Onone";
			};
			name = Debug;
		};
		4145EEFC25B23257004FFD23 /* Release */ = {
			isa = XCBuildConfiguration;
			buildSettings = {
				ALWAYS_SEARCH_USER_PATHS = NO;
				CLANG_ANALYZER_NONNULL = YES;
				CLANG_ANALYZER_NUMBER_OBJECT_CONVERSION = YES_AGGRESSIVE;
				CLANG_CXX_LANGUAGE_STANDARD = "gnu++14";
				CLANG_CXX_LIBRARY = "libc++";
				CLANG_ENABLE_MODULES = YES;
				CLANG_ENABLE_OBJC_ARC = YES;
				CLANG_ENABLE_OBJC_WEAK = YES;
				CLANG_WARN_BLOCK_CAPTURE_AUTORELEASING = YES;
				CLANG_WARN_BOOL_CONVERSION = YES;
				CLANG_WARN_COMMA = YES;
				CLANG_WARN_CONSTANT_CONVERSION = YES;
				CLANG_WARN_DEPRECATED_OBJC_IMPLEMENTATIONS = YES;
				CLANG_WARN_DIRECT_OBJC_ISA_USAGE = YES_ERROR;
				CLANG_WARN_DOCUMENTATION_COMMENTS = YES;
				CLANG_WARN_EMPTY_BODY = YES;
				CLANG_WARN_ENUM_CONVERSION = YES;
				CLANG_WARN_INFINITE_RECURSION = YES;
				CLANG_WARN_INT_CONVERSION = YES;
				CLANG_WARN_NON_LITERAL_NULL_CONVERSION = YES;
				CLANG_WARN_OBJC_IMPLICIT_RETAIN_SELF = YES;
				CLANG_WARN_OBJC_LITERAL_CONVERSION = YES;
				CLANG_WARN_OBJC_ROOT_CLASS = YES_ERROR;
				CLANG_WARN_QUOTED_INCLUDE_IN_FRAMEWORK_HEADER = YES;
				CLANG_WARN_RANGE_LOOP_ANALYSIS = YES;
				CLANG_WARN_STRICT_PROTOTYPES = YES;
				CLANG_WARN_SUSPICIOUS_MOVE = YES;
				CLANG_WARN_UNGUARDED_AVAILABILITY = YES_AGGRESSIVE;
				CLANG_WARN_UNREACHABLE_CODE = YES;
				CLANG_WARN__DUPLICATE_METHOD_MATCH = YES;
				COPY_PHASE_STRIP = NO;
				DEBUG_INFORMATION_FORMAT = "dwarf-with-dsym";
				ENABLE_NS_ASSERTIONS = NO;
				ENABLE_STRICT_OBJC_MSGSEND = YES;
				GCC_C_LANGUAGE_STANDARD = gnu11;
				GCC_NO_COMMON_BLOCKS = YES;
				GCC_WARN_64_TO_32_BIT_CONVERSION = YES;
				GCC_WARN_ABOUT_RETURN_TYPE = YES_ERROR;
				GCC_WARN_UNDECLARED_SELECTOR = YES;
				GCC_WARN_UNINITIALIZED_AUTOS = YES_AGGRESSIVE;
				GCC_WARN_UNUSED_FUNCTION = YES;
				GCC_WARN_UNUSED_VARIABLE = YES;
				MTL_ENABLE_DEBUG_INFO = NO;
				MTL_FAST_MATH = YES;
				SWIFT_COMPILATION_MODE = wholemodule;
				SWIFT_OPTIMIZATION_LEVEL = "-O";
			};
			name = Release;
		};
		4145EEFE25B23257004FFD23 /* Debug */ = {
			isa = XCBuildConfiguration;
			buildSettings = {
				ASSETCATALOG_COMPILER_APPICON_NAME = AppIcon;
				ASSETCATALOG_COMPILER_GLOBAL_ACCENT_COLOR_NAME = AccentColor;
				CODE_SIGN_STYLE = Automatic;
				DEVELOPMENT_TEAM = 56F54J4H3N;
				ENABLE_PREVIEWS = YES;
				INFOPLIST_FILE = iOS/Info.plist;
				IPHONEOS_DEPLOYMENT_TARGET = 14.0;
				LD_RUNPATH_SEARCH_PATHS = (
					"$(inherited)",
					"@executable_path/Frameworks",
				);
				PRODUCT_BUNDLE_IDENTIFIER = "MobileSoftwareServices.Audio-Recorder";
				PRODUCT_NAME = "Audio Recorder";
				SDKROOT = iphoneos;
				SWIFT_VERSION = 5.0;
				TARGETED_DEVICE_FAMILY = "1,2";
			};
			name = Debug;
		};
		4145EEFF25B23257004FFD23 /* Release */ = {
			isa = XCBuildConfiguration;
			buildSettings = {
				ASSETCATALOG_COMPILER_APPICON_NAME = AppIcon;
				ASSETCATALOG_COMPILER_GLOBAL_ACCENT_COLOR_NAME = AccentColor;
				CODE_SIGN_STYLE = Automatic;
				DEVELOPMENT_TEAM = 56F54J4H3N;
				ENABLE_PREVIEWS = YES;
				INFOPLIST_FILE = iOS/Info.plist;
				IPHONEOS_DEPLOYMENT_TARGET = 14.0;
				LD_RUNPATH_SEARCH_PATHS = (
					"$(inherited)",
					"@executable_path/Frameworks",
				);
				PRODUCT_BUNDLE_IDENTIFIER = "MobileSoftwareServices.Audio-Recorder";
				PRODUCT_NAME = "Audio Recorder";
				SDKROOT = iphoneos;
				SWIFT_VERSION = 5.0;
				TARGETED_DEVICE_FAMILY = "1,2";
				VALIDATE_PRODUCT = YES;
			};
			name = Release;
		};
		4145EF0125B23257004FFD23 /* Debug */ = {
			isa = XCBuildConfiguration;
			buildSettings = {
				ASSETCATALOG_COMPILER_APPICON_NAME = AppIcon;
				ASSETCATALOG_COMPILER_GLOBAL_ACCENT_COLOR_NAME = AccentColor;
				CODE_SIGN_ENTITLEMENTS = macOS/macOS.entitlements;
				CODE_SIGN_STYLE = Automatic;
				COMBINE_HIDPI_IMAGES = YES;
				DEVELOPMENT_TEAM = 56F54J4H3N;
				ENABLE_HARDENED_RUNTIME = YES;
				ENABLE_PREVIEWS = YES;
				INFOPLIST_FILE = macOS/Info.plist;
				LD_RUNPATH_SEARCH_PATHS = (
					"$(inherited)",
					"@executable_path/../Frameworks",
				);
				MACOSX_DEPLOYMENT_TARGET = 11.0;
				PRODUCT_BUNDLE_IDENTIFIER = "MobileSoftwareServices.Audio-Recorder";
				PRODUCT_NAME = "Audio Recorder";
				SDKROOT = macosx;
				SWIFT_VERSION = 5.0;
			};
			name = Debug;
		};
		4145EF0225B23257004FFD23 /* Release */ = {
			isa = XCBuildConfiguration;
			buildSettings = {
				ASSETCATALOG_COMPILER_APPICON_NAME = AppIcon;
				ASSETCATALOG_COMPILER_GLOBAL_ACCENT_COLOR_NAME = AccentColor;
				CODE_SIGN_ENTITLEMENTS = macOS/macOS.entitlements;
				CODE_SIGN_STYLE = Automatic;
				COMBINE_HIDPI_IMAGES = YES;
				DEVELOPMENT_TEAM = 56F54J4H3N;
				ENABLE_HARDENED_RUNTIME = YES;
				ENABLE_PREVIEWS = YES;
				INFOPLIST_FILE = macOS/Info.plist;
				LD_RUNPATH_SEARCH_PATHS = (
					"$(inherited)",
					"@executable_path/../Frameworks",
				);
				MACOSX_DEPLOYMENT_TARGET = 11.0;
				PRODUCT_BUNDLE_IDENTIFIER = "MobileSoftwareServices.Audio-Recorder";
				PRODUCT_NAME = "Audio Recorder";
				SDKROOT = macosx;
				SWIFT_VERSION = 5.0;
			};
			name = Release;
		};
/* End XCBuildConfiguration section */

/* Begin XCConfigurationList section */
		4145EEE025B23249004FFD23 /* Build configuration list for PBXProject "Audio Recorder" */ = {
			isa = XCConfigurationList;
			buildConfigurations = (
				4145EEFB25B23257004FFD23 /* Debug */,
				4145EEFC25B23257004FFD23 /* Release */,
			);
			defaultConfigurationIsVisible = 0;
			defaultConfigurationName = Release;
		};
		4145EEFD25B23257004FFD23 /* Build configuration list for PBXNativeTarget "Audio Recorder (iOS)" */ = {
			isa = XCConfigurationList;
			buildConfigurations = (
				4145EEFE25B23257004FFD23 /* Debug */,
				4145EEFF25B23257004FFD23 /* Release */,
			);
			defaultConfigurationIsVisible = 0;
			defaultConfigurationName = Release;
		};
		4145EF0025B23257004FFD23 /* Build configuration list for PBXNativeTarget "Audio Recorder (macOS)" */ = {
			isa = XCConfigurationList;
			buildConfigurations = (
				4145EF0125B23257004FFD23 /* Debug */,
				4145EF0225B23257004FFD23 /* Release */,
			);
			defaultConfigurationIsVisible = 0;
			defaultConfigurationName = Release;
		};
/* End XCConfigurationList section */
	};
	rootObject = 4145EEDD25B23249004FFD23 /* Project object */;
}
